// !$*UTF8*$!
{
	archiveVersion = 1;
	classes = {
	};
	objectVersion = 47;
	objects = {

/* Begin PBXBuildFile section */
		D431480A1C46515600D7BBF2 /* ImagePickerViewController.swift in Sources */ = {isa = PBXBuildFile; fileRef = D43148091C46515600D7BBF2 /* ImagePickerViewController.swift */; };
		D431480B1C46565B00D7BBF2 /* Lato-Regular.ttf in Resources */ = {isa = PBXBuildFile; fileRef = D4718C661C3EB1AB0028F179 /* Lato-Regular.ttf */; };
		D462D44D1A17D6B700A13137 /* AppDelegate.swift in Sources */ = {isa = PBXBuildFile; fileRef = D462D44C1A17D6B700A13137 /* AppDelegate.swift */; };
		D462D44F1A17D6B700A13137 /* ViewController.swift in Sources */ = {isa = PBXBuildFile; fileRef = D462D44E1A17D6B700A13137 /* ViewController.swift */; };
		D462D4521A17D6B700A13137 /* Main.storyboard in Resources */ = {isa = PBXBuildFile; fileRef = D462D4501A17D6B700A13137 /* Main.storyboard */; };
		D462D4541A17D6B700A13137 /* Images.xcassets in Resources */ = {isa = PBXBuildFile; fileRef = D462D4531A17D6B700A13137 /* Images.xcassets */; };
		D462D4571A17D6B700A13137 /* LaunchScreen.xib in Resources */ = {isa = PBXBuildFile; fileRef = D462D4551A17D6B700A13137 /* LaunchScreen.xib */; };
		D462D4631A17D6B700A13137 /* WalletPicTests.swift in Sources */ = {isa = PBXBuildFile; fileRef = D462D4621A17D6B700A13137 /* WalletPicTests.swift */; };
		D462D4731A17D6FE00A13137 /* NotificationCenter.framework in Frameworks */ = {isa = PBXBuildFile; fileRef = D462D4721A17D6FE00A13137 /* NotificationCenter.framework */; };
		D462D4781A17D6FE00A13137 /* TodayViewController.swift in Sources */ = {isa = PBXBuildFile; fileRef = D462D4771A17D6FE00A13137 /* TodayViewController.swift */; };
		D462D47A1A17D6FE00A13137 /* MainInterface.storyboard in Resources */ = {isa = PBXBuildFile; fileRef = D462D4791A17D6FE00A13137 /* MainInterface.storyboard */; };
		D462D47D1A17D6FE00A13137 /* WalletPicWidget.appex in Embed App Extensions */ = {isa = PBXBuildFile; fileRef = D462D4701A17D6FE00A13137 /* WalletPicWidget.appex */; settings = {ATTRIBUTES = (RemoveHeadersOnCopy, ); }; };
		D462D4821A17DA6900A13137 /* Images.xcassets in Sources */ = {isa = PBXBuildFile; fileRef = D462D4531A17D6B700A13137 /* Images.xcassets */; };
		D462D4881A1809E800A13137 /* CircleView.swift in Sources */ = {isa = PBXBuildFile; fileRef = D462D4871A1809E800A13137 /* CircleView.swift */; };
		D462D4891A1809E800A13137 /* CircleView.swift in Sources */ = {isa = PBXBuildFile; fileRef = D462D4871A1809E800A13137 /* CircleView.swift */; };
		D4718C571C3C13530028F179 /* ContactPickerViewController.swift in Sources */ = {isa = PBXBuildFile; fileRef = D4718C561C3C13530028F179 /* ContactPickerViewController.swift */; };
		D4718C651C3EB19F0028F179 /* Localizable.strings in Resources */ = {isa = PBXBuildFile; fileRef = D4718C641C3EB19F0028F179 /* Localizable.strings */; };
		D4B971591A2ABDC90083CF49 /* Graphics.swift in Sources */ = {isa = PBXBuildFile; fileRef = D4B971581A2ABDC90083CF49 /* Graphics.swift */; };
/* End PBXBuildFile section */

/* Begin PBXContainerItemProxy section */
		D462D45D1A17D6B700A13137 /* PBXContainerItemProxy */ = {
			isa = PBXContainerItemProxy;
			containerPortal = D462D43F1A17D6B700A13137 /* Project object */;
			proxyType = 1;
			remoteGlobalIDString = D462D4461A17D6B700A13137;
			remoteInfo = WalletPic;
		};
		D462D47B1A17D6FE00A13137 /* PBXContainerItemProxy */ = {
			isa = PBXContainerItemProxy;
			containerPortal = D462D43F1A17D6B700A13137 /* Project object */;
			proxyType = 1;
			remoteGlobalIDString = D462D46F1A17D6FE00A13137;
			remoteInfo = Widget;
		};
/* End PBXContainerItemProxy section */

/* Begin PBXCopyFilesBuildPhase section */
		D462D4811A17D6FE00A13137 /* Embed App Extensions */ = {
			isa = PBXCopyFilesBuildPhase;
			buildActionMask = 2147483647;
			dstPath = "";
			dstSubfolderSpec = 13;
			files = (
				D462D47D1A17D6FE00A13137 /* WalletPicWidget.appex in Embed App Extensions */,
			);
			name = "Embed App Extensions";
			runOnlyForDeploymentPostprocessing = 0;
		};
/* End PBXCopyFilesBuildPhase section */

/* Begin PBXFileReference section */
		238027D41A1E2E8E0071F4BB /* pl */ = {isa = PBXFileReference; lastKnownFileType = text.plist.strings; name = pl; path = pl.lproj/Main.strings; sourceTree = "<group>"; };
		238027D51A1E2E8E0071F4BB /* pl */ = {isa = PBXFileReference; lastKnownFileType = text.plist.strings; name = pl; path = pl.lproj/LaunchScreen.strings; sourceTree = "<group>"; };
		D43148091C46515600D7BBF2 /* ImagePickerViewController.swift */ = {isa = PBXFileReference; fileEncoding = 4; lastKnownFileType = sourcecode.swift; path = ImagePickerViewController.swift; sourceTree = "<group>"; };
		D462D4471A17D6B700A13137 /* WalletPic.app */ = {isa = PBXFileReference; explicitFileType = wrapper.application; includeInIndex = 0; path = WalletPic.app; sourceTree = BUILT_PRODUCTS_DIR; };
		D462D44B1A17D6B700A13137 /* Info.plist */ = {isa = PBXFileReference; lastKnownFileType = text.plist.xml; path = Info.plist; sourceTree = "<group>"; };
		D462D44C1A17D6B700A13137 /* AppDelegate.swift */ = {isa = PBXFileReference; lastKnownFileType = sourcecode.swift; path = AppDelegate.swift; sourceTree = "<group>"; };
		D462D44E1A17D6B700A13137 /* ViewController.swift */ = {isa = PBXFileReference; lastKnownFileType = sourcecode.swift; path = ViewController.swift; sourceTree = "<group>"; };
		D462D4511A17D6B700A13137 /* Base */ = {isa = PBXFileReference; lastKnownFileType = file.storyboard; name = Base; path = Base.lproj/Main.storyboard; sourceTree = "<group>"; };
		D462D4531A17D6B700A13137 /* Images.xcassets */ = {isa = PBXFileReference; lastKnownFileType = folder.assetcatalog; path = Images.xcassets; sourceTree = "<group>"; };
		D462D4561A17D6B700A13137 /* Base */ = {isa = PBXFileReference; lastKnownFileType = file.xib; name = Base; path = Base.lproj/LaunchScreen.xib; sourceTree = "<group>"; };
		D462D45C1A17D6B700A13137 /* WalletPicTests.xctest */ = {isa = PBXFileReference; explicitFileType = wrapper.cfbundle; includeInIndex = 0; path = WalletPicTests.xctest; sourceTree = BUILT_PRODUCTS_DIR; };
		D462D4611A17D6B700A13137 /* Info.plist */ = {isa = PBXFileReference; lastKnownFileType = text.plist.xml; path = Info.plist; sourceTree = "<group>"; };
		D462D4621A17D6B700A13137 /* WalletPicTests.swift */ = {isa = PBXFileReference; lastKnownFileType = sourcecode.swift; path = WalletPicTests.swift; sourceTree = "<group>"; };
		D462D4701A17D6FE00A13137 /* WalletPicWidget.appex */ = {isa = PBXFileReference; explicitFileType = "wrapper.app-extension"; includeInIndex = 0; path = WalletPicWidget.appex; sourceTree = BUILT_PRODUCTS_DIR; };
		D462D4721A17D6FE00A13137 /* NotificationCenter.framework */ = {isa = PBXFileReference; lastKnownFileType = wrapper.framework; name = NotificationCenter.framework; path = System/Library/Frameworks/NotificationCenter.framework; sourceTree = SDKROOT; };
		D462D4761A17D6FE00A13137 /* Info.plist */ = {isa = PBXFileReference; lastKnownFileType = text.plist.xml; path = Info.plist; sourceTree = "<group>"; };
		D462D4771A17D6FE00A13137 /* TodayViewController.swift */ = {isa = PBXFileReference; lastKnownFileType = sourcecode.swift; path = TodayViewController.swift; sourceTree = "<group>"; };
		D462D4791A17D6FE00A13137 /* MainInterface.storyboard */ = {isa = PBXFileReference; lastKnownFileType = file.storyboard; path = MainInterface.storyboard; sourceTree = "<group>"; };
		D462D4871A1809E800A13137 /* CircleView.swift */ = {isa = PBXFileReference; fileEncoding = 4; lastKnownFileType = sourcecode.swift; path = CircleView.swift; sourceTree = "<group>"; };
		D4718C561C3C13530028F179 /* ContactPickerViewController.swift */ = {isa = PBXFileReference; fileEncoding = 4; lastKnownFileType = sourcecode.swift; path = ContactPickerViewController.swift; sourceTree = "<group>"; };
		D4718C641C3EB19F0028F179 /* Localizable.strings */ = {isa = PBXFileReference; fileEncoding = 4; lastKnownFileType = text.plist.strings; path = Localizable.strings; sourceTree = "<group>"; };
		D4718C661C3EB1AB0028F179 /* Lato-Regular.ttf */ = {isa = PBXFileReference; lastKnownFileType = file; path = "Lato-Regular.ttf"; sourceTree = "<group>"; };
		D4B971581A2ABDC90083CF49 /* Graphics.swift */ = {isa = PBXFileReference; fileEncoding = 4; lastKnownFileType = sourcecode.swift; path = Graphics.swift; sourceTree = "<group>"; };
		D4BB525A1A1926C300D70FC2 /* WalletPic.entitlements */ = {isa = PBXFileReference; lastKnownFileType = text.xml; path = WalletPic.entitlements; sourceTree = "<group>"; };
		D4BB525B1A1926D900D70FC2 /* Widget.entitlements */ = {isa = PBXFileReference; lastKnownFileType = text.xml; path = Widget.entitlements; sourceTree = "<group>"; };
/* End PBXFileReference section */

/* Begin PBXFrameworksBuildPhase section */
		D462D4441A17D6B700A13137 /* Frameworks */ = {
			isa = PBXFrameworksBuildPhase;
			buildActionMask = 2147483647;
			files = (
			);
			runOnlyForDeploymentPostprocessing = 0;
		};
		D462D4591A17D6B700A13137 /* Frameworks */ = {
			isa = PBXFrameworksBuildPhase;
			buildActionMask = 2147483647;
			files = (
			);
			runOnlyForDeploymentPostprocessing = 0;
		};
		D462D46D1A17D6FE00A13137 /* Frameworks */ = {
			isa = PBXFrameworksBuildPhase;
			buildActionMask = 2147483647;
			files = (
				D462D4731A17D6FE00A13137 /* NotificationCenter.framework in Frameworks */,
			);
			runOnlyForDeploymentPostprocessing = 0;
		};
/* End PBXFrameworksBuildPhase section */

/* Begin PBXGroup section */
		D462D43E1A17D6B700A13137 = {
			isa = PBXGroup;
			children = (
				D462D4491A17D6B700A13137 /* WalletPic */,
				D462D4741A17D6FE00A13137 /* Widget */,
				D462D4711A17D6FE00A13137 /* Frameworks */,
				D462D4481A17D6B700A13137 /* Products */,
				D462D45F1A17D6B700A13137 /* WalletPicTests */,
			);
			sourceTree = "<group>";
		};
		D462D4481A17D6B700A13137 /* Products */ = {
			isa = PBXGroup;
			children = (
				D462D4471A17D6B700A13137 /* WalletPic.app */,
				D462D45C1A17D6B700A13137 /* WalletPicTests.xctest */,
				D462D4701A17D6FE00A13137 /* WalletPicWidget.appex */,
			);
			name = Products;
			sourceTree = "<group>";
		};
		D462D4491A17D6B700A13137 /* WalletPic */ = {
			isa = PBXGroup;
			children = (
				D4718C641C3EB19F0028F179 /* Localizable.strings */,
				D4BB525A1A1926C300D70FC2 /* WalletPic.entitlements */,
				D462D44C1A17D6B700A13137 /* AppDelegate.swift */,
				D462D44E1A17D6B700A13137 /* ViewController.swift */,
				D43148091C46515600D7BBF2 /* ImagePickerViewController.swift */,
				D4718C561C3C13530028F179 /* ContactPickerViewController.swift */,
				D462D4501A17D6B700A13137 /* Main.storyboard */,
				D462D4871A1809E800A13137 /* CircleView.swift */,
				D462D4531A17D6B700A13137 /* Images.xcassets */,
				D462D4551A17D6B700A13137 /* LaunchScreen.xib */,
				D462D4861A17F86D00A13137 /* Fonts */,
				D462D44A1A17D6B700A13137 /* Supporting Files */,
			);
			path = WalletPic;
			sourceTree = "<group>";
		};
		D462D44A1A17D6B700A13137 /* Supporting Files */ = {
			isa = PBXGroup;
			children = (
				D462D44B1A17D6B700A13137 /* Info.plist */,
			);
			name = "Supporting Files";
			sourceTree = "<group>";
		};
		D462D45F1A17D6B700A13137 /* WalletPicTests */ = {
			isa = PBXGroup;
			children = (
				D462D4621A17D6B700A13137 /* WalletPicTests.swift */,
				D462D4601A17D6B700A13137 /* Supporting Files */,
			);
			path = WalletPicTests;
			sourceTree = "<group>";
		};
		D462D4601A17D6B700A13137 /* Supporting Files */ = {
			isa = PBXGroup;
			children = (
				D462D4611A17D6B700A13137 /* Info.plist */,
			);
			name = "Supporting Files";
			sourceTree = "<group>";
		};
		D462D4711A17D6FE00A13137 /* Frameworks */ = {
			isa = PBXGroup;
			children = (
				D462D4721A17D6FE00A13137 /* NotificationCenter.framework */,
			);
			name = Frameworks;
			sourceTree = "<group>";
		};
		D462D4741A17D6FE00A13137 /* Widget */ = {
			isa = PBXGroup;
			children = (
				D4BB525B1A1926D900D70FC2 /* Widget.entitlements */,
				D462D4771A17D6FE00A13137 /* TodayViewController.swift */,
				D462D4791A17D6FE00A13137 /* MainInterface.storyboard */,
				D4B971581A2ABDC90083CF49 /* Graphics.swift */,
				D462D4751A17D6FE00A13137 /* Supporting Files */,
			);
			path = Widget;
			sourceTree = "<group>";
		};
		D462D4751A17D6FE00A13137 /* Supporting Files */ = {
			isa = PBXGroup;
			children = (
				D462D4761A17D6FE00A13137 /* Info.plist */,
			);
			name = "Supporting Files";
			sourceTree = "<group>";
		};
		D462D4861A17F86D00A13137 /* Fonts */ = {
			isa = PBXGroup;
			children = (
				D4718C661C3EB1AB0028F179 /* Lato-Regular.ttf */,
			);
			name = Fonts;
			sourceTree = "<group>";
		};
/* End PBXGroup section */

/* Begin PBXNativeTarget section */
		D462D4461A17D6B700A13137 /* WalletPic */ = {
			isa = PBXNativeTarget;
			buildConfigurationList = D462D4661A17D6B700A13137 /* Build configuration list for PBXNativeTarget "WalletPic" */;
			buildPhases = (
				D462D4431A17D6B700A13137 /* Sources */,
				D462D4441A17D6B700A13137 /* Frameworks */,
				D462D4451A17D6B700A13137 /* Resources */,
				D462D4811A17D6FE00A13137 /* Embed App Extensions */,
			);
			buildRules = (
			);
			dependencies = (
				D462D47C1A17D6FE00A13137 /* PBXTargetDependency */,
			);
			name = WalletPic;
			productName = WalletPic;
			productReference = D462D4471A17D6B700A13137 /* WalletPic.app */;
			productType = "com.apple.product-type.application";
		};
		D462D45B1A17D6B700A13137 /* WalletPicTests */ = {
			isa = PBXNativeTarget;
			buildConfigurationList = D462D4691A17D6B700A13137 /* Build configuration list for PBXNativeTarget "WalletPicTests" */;
			buildPhases = (
				D462D4581A17D6B700A13137 /* Sources */,
				D462D4591A17D6B700A13137 /* Frameworks */,
				D462D45A1A17D6B700A13137 /* Resources */,
			);
			buildRules = (
			);
			dependencies = (
				D462D45E1A17D6B700A13137 /* PBXTargetDependency */,
			);
			name = WalletPicTests;
			productName = WalletPicTests;
			productReference = D462D45C1A17D6B700A13137 /* WalletPicTests.xctest */;
			productType = "com.apple.product-type.bundle.unit-test";
		};
		D462D46F1A17D6FE00A13137 /* WalletPicWidget */ = {
			isa = PBXNativeTarget;
			buildConfigurationList = D462D47E1A17D6FE00A13137 /* Build configuration list for PBXNativeTarget "WalletPicWidget" */;
			buildPhases = (
				D462D46C1A17D6FE00A13137 /* Sources */,
				D462D46D1A17D6FE00A13137 /* Frameworks */,
				D462D46E1A17D6FE00A13137 /* Resources */,
			);
			buildRules = (
			);
			dependencies = (
			);
			name = WalletPicWidget;
			productName = Widget;
			productReference = D462D4701A17D6FE00A13137 /* WalletPicWidget.appex */;
			productType = "com.apple.product-type.app-extension";
		};
/* End PBXNativeTarget section */

/* Begin PBXProject section */
		D462D43F1A17D6B700A13137 /* Project object */ = {
			isa = PBXProject;
			attributes = {
				LastSwiftMigration = 0720;
				LastSwiftUpdateCheck = 0710;
				LastUpgradeCheck = 0710;
				ORGANIZATIONNAME = 128Pixels;
				TargetAttributes = {
					D462D4461A17D6B700A13137 = {
						CreatedOnToolsVersion = 6.1;
						SystemCapabilities = {
							com.apple.ApplicationGroups.iOS = {
								enabled = 1;
							};
						};
					};
					D462D45B1A17D6B700A13137 = {
						CreatedOnToolsVersion = 6.1;
						TestTargetID = D462D4461A17D6B700A13137;
					};
					D462D46F1A17D6FE00A13137 = {
						CreatedOnToolsVersion = 6.1;
						SystemCapabilities = {
							com.apple.ApplicationGroups.iOS = {
								enabled = 1;
							};
						};
					};
				};
			};
			buildConfigurationList = D462D4421A17D6B700A13137 /* Build configuration list for PBXProject "WalletPic" */;
			compatibilityVersion = "Xcode 6.3";
			developmentRegion = English;
			hasScannedForEncodings = 0;
			knownRegions = (
				en,
				Base,
			);
			mainGroup = D462D43E1A17D6B700A13137;
			productRefGroup = D462D4481A17D6B700A13137 /* Products */;
			projectDirPath = "";
			projectRoot = "";
			targets = (
				D462D4461A17D6B700A13137 /* WalletPic */,
				D462D45B1A17D6B700A13137 /* WalletPicTests */,
				D462D46F1A17D6FE00A13137 /* WalletPicWidget */,
			);
		};
/* End PBXProject section */

/* Begin PBXResourcesBuildPhase section */
		D462D4451A17D6B700A13137 /* Resources */ = {
			isa = PBXResourcesBuildPhase;
			buildActionMask = 2147483647;
			files = (
				D4718C651C3EB19F0028F179 /* Localizable.strings in Resources */,
				D462D4521A17D6B700A13137 /* Main.storyboard in Resources */,
				D431480B1C46565B00D7BBF2 /* Lato-Regular.ttf in Resources */,
				D462D4571A17D6B700A13137 /* LaunchScreen.xib in Resources */,
				D462D4541A17D6B700A13137 /* Images.xcassets in Resources */,
			);
			runOnlyForDeploymentPostprocessing = 0;
		};
		D462D45A1A17D6B700A13137 /* Resources */ = {
			isa = PBXResourcesBuildPhase;
			buildActionMask = 2147483647;
			files = (
			);
			runOnlyForDeploymentPostprocessing = 0;
		};
		D462D46E1A17D6FE00A13137 /* Resources */ = {
			isa = PBXResourcesBuildPhase;
			buildActionMask = 2147483647;
			files = (
				D462D47A1A17D6FE00A13137 /* MainInterface.storyboard in Resources */,
			);
			runOnlyForDeploymentPostprocessing = 0;
		};
/* End PBXResourcesBuildPhase section */

/* Begin PBXSourcesBuildPhase section */
		D462D4431A17D6B700A13137 /* Sources */ = {
			isa = PBXSourcesBuildPhase;
			buildActionMask = 2147483647;
			files = (
				D4718C571C3C13530028F179 /* ContactPickerViewController.swift in Sources */,
				D431480A1C46515600D7BBF2 /* ImagePickerViewController.swift in Sources */,
				D462D4881A1809E800A13137 /* CircleView.swift in Sources */,
				D462D44F1A17D6B700A13137 /* ViewController.swift in Sources */,
				D462D44D1A17D6B700A13137 /* AppDelegate.swift in Sources */,
			);
			runOnlyForDeploymentPostprocessing = 0;
		};
		D462D4581A17D6B700A13137 /* Sources */ = {
			isa = PBXSourcesBuildPhase;
			buildActionMask = 2147483647;
			files = (
				D462D4631A17D6B700A13137 /* WalletPicTests.swift in Sources */,
			);
			runOnlyForDeploymentPostprocessing = 0;
		};
		D462D46C1A17D6FE00A13137 /* Sources */ = {
			isa = PBXSourcesBuildPhase;
			buildActionMask = 2147483647;
			files = (
				D462D4891A1809E800A13137 /* CircleView.swift in Sources */,
				D462D4821A17DA6900A13137 /* Images.xcassets in Sources */,
				D4B971591A2ABDC90083CF49 /* Graphics.swift in Sources */,
				D462D4781A17D6FE00A13137 /* TodayViewController.swift in Sources */,
			);
			runOnlyForDeploymentPostprocessing = 0;
		};
/* End PBXSourcesBuildPhase section */

/* Begin PBXTargetDependency section */
		D462D45E1A17D6B700A13137 /* PBXTargetDependency */ = {
			isa = PBXTargetDependency;
			target = D462D4461A17D6B700A13137 /* WalletPic */;
			targetProxy = D462D45D1A17D6B700A13137 /* PBXContainerItemProxy */;
		};
		D462D47C1A17D6FE00A13137 /* PBXTargetDependency */ = {
			isa = PBXTargetDependency;
			target = D462D46F1A17D6FE00A13137 /* WalletPicWidget */;
			targetProxy = D462D47B1A17D6FE00A13137 /* PBXContainerItemProxy */;
		};
/* End PBXTargetDependency section */

/* Begin PBXVariantGroup section */
		D462D4501A17D6B700A13137 /* Main.storyboard */ = {
			isa = PBXVariantGroup;
			children = (
				D462D4511A17D6B700A13137 /* Base */,
				238027D41A1E2E8E0071F4BB /* pl */,
			);
			name = Main.storyboard;
			sourceTree = "<group>";
		};
		D462D4551A17D6B700A13137 /* LaunchScreen.xib */ = {
			isa = PBXVariantGroup;
			children = (
				D462D4561A17D6B700A13137 /* Base */,
				238027D51A1E2E8E0071F4BB /* pl */,
			);
			name = LaunchScreen.xib;
			sourceTree = "<group>";
		};
/* End PBXVariantGroup section */

/* Begin XCBuildConfiguration section */
		D462D4641A17D6B700A13137 /* Debug */ = {
			isa = XCBuildConfiguration;
			buildSettings = {
				ALWAYS_SEARCH_USER_PATHS = NO;
				CLANG_CXX_LANGUAGE_STANDARD = "gnu++0x";
				CLANG_CXX_LIBRARY = "libc++";
				CLANG_ENABLE_MODULES = YES;
				CLANG_ENABLE_OBJC_ARC = YES;
				CLANG_WARN_BOOL_CONVERSION = YES;
				CLANG_WARN_CONSTANT_CONVERSION = YES;
				CLANG_WARN_DIRECT_OBJC_ISA_USAGE = YES_ERROR;
				CLANG_WARN_EMPTY_BODY = YES;
				CLANG_WARN_ENUM_CONVERSION = YES;
				CLANG_WARN_INT_CONVERSION = YES;
				CLANG_WARN_OBJC_ROOT_CLASS = YES_ERROR;
				CLANG_WARN_UNREACHABLE_CODE = YES;
				CLANG_WARN__DUPLICATE_METHOD_MATCH = YES;
				"CODE_SIGN_IDENTITY[sdk=iphoneos*]" = "iPhone Developer";
				COPY_PHASE_STRIP = NO;
				ENABLE_STRICT_OBJC_MSGSEND = YES;
				ENABLE_TESTABILITY = YES;
				FRAMEWORK_SEARCH_PATHS = "";
				GCC_C_LANGUAGE_STANDARD = gnu99;
				GCC_DYNAMIC_NO_PIC = NO;
				GCC_OPTIMIZATION_LEVEL = 0;
				GCC_PREPROCESSOR_DEFINITIONS = (
					"DEBUG=1",
					"$(inherited)",
				);
				GCC_SYMBOLS_PRIVATE_EXTERN = NO;
				GCC_WARN_64_TO_32_BIT_CONVERSION = YES;
				GCC_WARN_ABOUT_RETURN_TYPE = YES_ERROR;
				GCC_WARN_UNDECLARED_SELECTOR = YES;
				GCC_WARN_UNINITIALIZED_AUTOS = YES_AGGRESSIVE;
				GCC_WARN_UNUSED_FUNCTION = YES;
				GCC_WARN_UNUSED_VARIABLE = YES;
				IPHONEOS_DEPLOYMENT_TARGET = 9.2;
				MTL_ENABLE_DEBUG_INFO = YES;
				ONLY_ACTIVE_ARCH = YES;
				SDKROOT = iphoneos;
				SWIFT_OBJC_BRIDGING_HEADER = "";
				SWIFT_OPTIMIZATION_LEVEL = "-Onone";
				TARGETED_DEVICE_FAMILY = "1,2";
			};
			name = Debug;
		};
		D462D4651A17D6B700A13137 /* Release */ = {
			isa = XCBuildConfiguration;
			buildSettings = {
				ALWAYS_SEARCH_USER_PATHS = NO;
				CLANG_CXX_LANGUAGE_STANDARD = "gnu++0x";
				CLANG_CXX_LIBRARY = "libc++";
				CLANG_ENABLE_MODULES = YES;
				CLANG_ENABLE_OBJC_ARC = YES;
				CLANG_WARN_BOOL_CONVERSION = YES;
				CLANG_WARN_CONSTANT_CONVERSION = YES;
				CLANG_WARN_DIRECT_OBJC_ISA_USAGE = YES_ERROR;
				CLANG_WARN_EMPTY_BODY = YES;
				CLANG_WARN_ENUM_CONVERSION = YES;
				CLANG_WARN_INT_CONVERSION = YES;
				CLANG_WARN_OBJC_ROOT_CLASS = YES_ERROR;
				CLANG_WARN_UNREACHABLE_CODE = YES;
				CLANG_WARN__DUPLICATE_METHOD_MATCH = YES;
				"CODE_SIGN_IDENTITY[sdk=iphoneos*]" = "iPhone Developer";
				COPY_PHASE_STRIP = YES;
				ENABLE_NS_ASSERTIONS = NO;
				ENABLE_STRICT_OBJC_MSGSEND = YES;
				FRAMEWORK_SEARCH_PATHS = "";
				GCC_C_LANGUAGE_STANDARD = gnu99;
				GCC_WARN_64_TO_32_BIT_CONVERSION = YES;
				GCC_WARN_ABOUT_RETURN_TYPE = YES_ERROR;
				GCC_WARN_UNDECLARED_SELECTOR = YES;
				GCC_WARN_UNINITIALIZED_AUTOS = YES_AGGRESSIVE;
				GCC_WARN_UNUSED_FUNCTION = YES;
				GCC_WARN_UNUSED_VARIABLE = YES;
				IPHONEOS_DEPLOYMENT_TARGET = 9.2;
				MTL_ENABLE_DEBUG_INFO = NO;
				SDKROOT = iphoneos;
				SWIFT_OBJC_BRIDGING_HEADER = "";
				TARGETED_DEVICE_FAMILY = "1,2";
				VALIDATE_PRODUCT = YES;
			};
			name = Release;
		};
		D462D4671A17D6B700A13137 /* Debug */ = {
			isa = XCBuildConfiguration;
			buildSettings = {
				ASSETCATALOG_COMPILER_APPICON_NAME = AppIcon;
				CODE_SIGN_ENTITLEMENTS = WalletPic/WalletPic.entitlements;
				CODE_SIGN_IDENTITY = "iPhone Developer";
				"CODE_SIGN_IDENTITY[sdk=iphoneos*]" = "iPhone Developer";
				DEVELOPMENT_TEAM = "";
				EMBEDDED_CONTENT_CONTAINS_SWIFT = YES;
				FRAMEWORK_SEARCH_PATHS = (
					"$(inherited)",
					"$(PROJECT_DIR)",
					"$(PROJECT_DIR)/WalletPic",
				);
				INFOPLIST_FILE = WalletPic/Info.plist;
				LD_RUNPATH_SEARCH_PATHS = "$(inherited) @executable_path/Frameworks";
				PRODUCT_BUNDLE_IDENTIFIER = pl.128pixels.WalletPic;
				PRODUCT_NAME = "$(TARGET_NAME)";
				PROVISIONING_PROFILE = "";
				TARGETED_DEVICE_FAMILY = 1;
			};
			name = Debug;
		};
		D462D4681A17D6B700A13137 /* Release */ = {
			isa = XCBuildConfiguration;
			buildSettings = {
				ASSETCATALOG_COMPILER_APPICON_NAME = AppIcon;
				CODE_SIGN_ENTITLEMENTS = WalletPic/WalletPic.entitlements;
				CODE_SIGN_IDENTITY = "iPhone Developer";
				"CODE_SIGN_IDENTITY[sdk=iphoneos*]" = "iPhone Developer";
				DEVELOPMENT_TEAM = "";
				EMBEDDED_CONTENT_CONTAINS_SWIFT = YES;
				FRAMEWORK_SEARCH_PATHS = (
					"$(inherited)",
					"$(PROJECT_DIR)",
					"$(PROJECT_DIR)/WalletPic",
				);
				INFOPLIST_FILE = WalletPic/Info.plist;
				LD_RUNPATH_SEARCH_PATHS = "$(inherited) @executable_path/Frameworks";
				PRODUCT_BUNDLE_IDENTIFIER = pl.128pixels.WalletPic;
				PRODUCT_NAME = "$(TARGET_NAME)";
				PROVISIONING_PROFILE = "";
				TARGETED_DEVICE_FAMILY = 1;
			};
			name = Release;
		};
		D462D46A1A17D6B700A13137 /* Debug */ = {
			isa = XCBuildConfiguration;
			buildSettings = {
				BUNDLE_LOADER = "$(TEST_HOST)";
				FRAMEWORK_SEARCH_PATHS = (
					"$(SDKROOT)/Developer/Library/Frameworks",
					"$(inherited)",
				);
				GCC_PREPROCESSOR_DEFINITIONS = (
					"DEBUG=1",
					"$(inherited)",
				);
				INFOPLIST_FILE = WalletPicTests/Info.plist;
				LD_RUNPATH_SEARCH_PATHS = "$(inherited) @executable_path/Frameworks @loader_path/Frameworks";
				PRODUCT_BUNDLE_IDENTIFIER = "pl.128pixels.$(PRODUCT_NAME:rfc1034identifier)";
				PRODUCT_NAME = "$(TARGET_NAME)";
				TEST_HOST = "$(BUILT_PRODUCTS_DIR)/WalletPic.app/WalletPic";
			};
			name = Debug;
		};
		D462D46B1A17D6B700A13137 /* Release */ = {
			isa = XCBuildConfiguration;
			buildSettings = {
				BUNDLE_LOADER = "$(TEST_HOST)";
				FRAMEWORK_SEARCH_PATHS = (
					"$(SDKROOT)/Developer/Library/Frameworks",
					"$(inherited)",
				);
				INFOPLIST_FILE = WalletPicTests/Info.plist;
				LD_RUNPATH_SEARCH_PATHS = "$(inherited) @executable_path/Frameworks @loader_path/Frameworks";
				PRODUCT_BUNDLE_IDENTIFIER = "pl.128pixels.$(PRODUCT_NAME:rfc1034identifier)";
				PRODUCT_NAME = "$(TARGET_NAME)";
				TEST_HOST = "$(BUILT_PRODUCTS_DIR)/WalletPic.app/WalletPic";
			};
			name = Release;
		};
		D462D47F1A17D6FE00A13137 /* Debug */ = {
			isa = XCBuildConfiguration;
			buildSettings = {
				CODE_SIGN_ENTITLEMENTS = Widget/Widget.entitlements;
				CODE_SIGN_IDENTITY = "iPhone Developer";
				"CODE_SIGN_IDENTITY[sdk=iphoneos*]" = "iPhone Developer";
				DEVELOPMENT_TEAM = "";
				GCC_PREPROCESSOR_DEFINITIONS = (
					"DEBUG=1",
					"$(inherited)",
				);
				INFOPLIST_FILE = Widget/Info.plist;
				LD_RUNPATH_SEARCH_PATHS = "$(inherited) @executable_path/Frameworks @executable_path/../../Frameworks";
				PRODUCT_BUNDLE_IDENTIFIER = pl.128pixels.WalletPic.today;
				PRODUCT_NAME = "$(TARGET_NAME)";
				PROVISIONING_PROFILE = "";
				SKIP_INSTALL = YES;
				TARGETED_DEVICE_FAMILY = "1,2";
			};
			name = Debug;
		};
		D462D4801A17D6FE00A13137 /* Release */ = {
			isa = XCBuildConfiguration;
			buildSettings = {
				CODE_SIGN_ENTITLEMENTS = Widget/Widget.entitlements;
				CODE_SIGN_IDENTITY = "iPhone Developer";
				"CODE_SIGN_IDENTITY[sdk=iphoneos*]" = "iPhone Developer";
				DEVELOPMENT_TEAM = "";
				INFOPLIST_FILE = Widget/Info.plist;
				LD_RUNPATH_SEARCH_PATHS = "$(inherited) @executable_path/Frameworks @executable_path/../../Frameworks";
				PRODUCT_BUNDLE_IDENTIFIER = pl.128pixels.WalletPic.today;
				PRODUCT_NAME = "$(TARGET_NAME)";
				PROVISIONING_PROFILE = "";
				SKIP_INSTALL = YES;
				TARGETED_DEVICE_FAMILY = "1,2";
			};
			name = Release;
		};
/* End XCBuildConfiguration section */

/* Begin XCConfigurationList section */
		D462D4421A17D6B700A13137 /* Build configuration list for PBXProject "WalletPic" */ = {
			isa = XCConfigurationList;
			buildConfigurations = (
				D462D4641A17D6B700A13137 /* Debug */,
				D462D4651A17D6B700A13137 /* Release */,
			);
			defaultConfigurationIsVisible = 0;
			defaultConfigurationName = Release;
		};
		D462D4661A17D6B700A13137 /* Build configuration list for PBXNativeTarget "WalletPic" */ = {
			isa = XCConfigurationList;
			buildConfigurations = (
				D462D4671A17D6B700A13137 /* Debug */,
				D462D4681A17D6B700A13137 /* Release */,
			);
			defaultConfigurationIsVisible = 0;
			defaultConfigurationName = Release;
		};
		D462D4691A17D6B700A13137 /* Build configuration list for PBXNativeTarget "WalletPicTests" */ = {
			isa = XCConfigurationList;
			buildConfigurations = (
				D462D46A1A17D6B700A13137 /* Debug */,
				D462D46B1A17D6B700A13137 /* Release */,
			);
			defaultConfigurationIsVisible = 0;
			defaultConfigurationName = Release;
		};
		D462D47E1A17D6FE00A13137 /* Build configuration list for PBXNativeTarget "WalletPicWidget" */ = {
			isa = XCConfigurationList;
			buildConfigurations = (
				D462D47F1A17D6FE00A13137 /* Debug */,
				D462D4801A17D6FE00A13137 /* Release */,
			);
			defaultConfigurationIsVisible = 0;
			defaultConfigurationName = Release;
		};
/* End XCConfigurationList section */
	};
	rootObject = D462D43F1A17D6B700A13137 /* Project object */;
}
